
Microsoft Visual Studio Solution File, Format Version 12.00
# Visual Studio Version 16
VisualStudioVersion = 16.0.30320.27
MinimumVisualStudioVersion = 10.0.40219.1
Project("{FAE04EC0-301F-11D3-BF4B-00C04F79EFBC}") = "AndroidQQ_8_4_1_4680_ECDH", "AndroidQQ_8_4_1_4680_ECDH.csproj", "{299C0BF0-9160-40C1-B609-B025007D8479}"
EndProject
Global
	GlobalSection(SolutionConfigurationPlatforms) = preSolution
		Debug|Any CPU = Debug|Any CPU
		Release|Any CPU = Release|Any CPU
	EndGlobalSection
	GlobalSection(ProjectConfigurationPlatforms) = postSolution
		{299C0BF0-9160-40C1-B609-B025007D8479}.Debug|Any CPU.ActiveCfg = Debug|Any CPU
		{299C0BF0-9160-40C1-B609-B025007D8479}.Debug|Any CPU.Build.0 = Debug|Any CPU
		{299C0BF0-9160-40C1-B609-B025007D8479}.Release|Any CPU.ActiveCfg = Release|Any CPU
		{299C0BF0-9160-40C1-B609-B025007D8479}.Release|Any CPU.Build.0 = Release|Any CPU
	EndGlobalSection
	GlobalSection(SolutionProperties) = preSolution
		HideSolutionNode = FALSE
	EndGlobalSection
	GlobalSection(ExtensibilityGlobals) = postSolution
		SolutionGuid = {40998317-2871-4EF2-9231-AAD960DAD914}
	EndGlobalSection
EndGlobal
